// !$*UTF8*$!
{
	archiveVersion = 1;
	classes = {
	};
	objectVersion = 50;
	objects = {

/* Begin PBXBuildFile section */
		4E95A4AD621682A99076EDD1 /* libPods-MastermindUITests.a in Frameworks */ = {isa = PBXBuildFile; fileRef = E81A4CCC47DB66C4E27545A6 /* libPods-MastermindUITests.a */; };
		5618275623EBE381001EACE8 /* AppDelegate.swift in Sources */ = {isa = PBXBuildFile; fileRef = 5618275523EBE381001EACE8 /* AppDelegate.swift */; };
		5618275823EBE381001EACE8 /* SceneDelegate.swift in Sources */ = {isa = PBXBuildFile; fileRef = 5618275723EBE381001EACE8 /* SceneDelegate.swift */; };
		5618275B23EBE381001EACE8 /* Mastermind.xcdatamodeld in Sources */ = {isa = PBXBuildFile; fileRef = 5618275923EBE381001EACE8 /* Mastermind.xcdatamodeld */; };
		5618275F23EBE384001EACE8 /* Assets.xcassets in Resources */ = {isa = PBXBuildFile; fileRef = 5618275E23EBE384001EACE8 /* Assets.xcassets */; };
		5618276523EBE384001EACE8 /* LaunchScreen.storyboard in Resources */ = {isa = PBXBuildFile; fileRef = 5618276323EBE384001EACE8 /* LaunchScreen.storyboard */; };
		5618277B23EBE385001EACE8 /* MastermindUITests.swift in Sources */ = {isa = PBXBuildFile; fileRef = 5618277A23EBE385001EACE8 /* MastermindUITests.swift */; };
		5618278A23EBF172001EACE8 /* MainVC.swift in Sources */ = {isa = PBXBuildFile; fileRef = 5618278823EBF172001EACE8 /* MainVC.swift */; };
		5618278B23EBF172001EACE8 /* MainVC.xib in Resources */ = {isa = PBXBuildFile; fileRef = 5618278923EBF172001EACE8 /* MainVC.xib */; };
		561E67322448090A0089636D /* GameManagerTest.swift in Sources */ = {isa = PBXBuildFile; fileRef = 561E67312448090A0089636D /* GameManagerTest.swift */; };
		56416BB623F0DD0D0039B3ED /* HistoryVC.swift in Sources */ = {isa = PBXBuildFile; fileRef = 56416BB423F0DD0D0039B3ED /* HistoryVC.swift */; };
		56416BB723F0DD0D0039B3ED /* HistoryVC.xib in Resources */ = {isa = PBXBuildFile; fileRef = 56416BB523F0DD0D0039B3ED /* HistoryVC.xib */; };
		56416BBA23F0F6CC0039B3ED /* GuessHistoryCell.swift in Sources */ = {isa = PBXBuildFile; fileRef = 56416BB823F0F6CC0039B3ED /* GuessHistoryCell.swift */; };
		56416BBB23F0F6CC0039B3ED /* GuessHistoryCell.xib in Resources */ = {isa = PBXBuildFile; fileRef = 56416BB923F0F6CC0039B3ED /* GuessHistoryCell.xib */; };
		56416BBD23F115010039B3ED /* Guess.swift in Sources */ = {isa = PBXBuildFile; fileRef = 56416BBC23F115010039B3ED /* Guess.swift */; };
		56416BCF23F3DEA50039B3ED /* LoadingView.xib in Resources */ = {isa = PBXBuildFile; fileRef = 56416BCE23F3DEA50039B3ED /* LoadingView.xib */; };
		56416BD123F3DEBA0039B3ED /* LoadingView.swift in Sources */ = {isa = PBXBuildFile; fileRef = 56416BD023F3DEBA0039B3ED /* LoadingView.swift */; };
		564BB0F7244624E0003053FF /* GameManager.swift in Sources */ = {isa = PBXBuildFile; fileRef = 564BB0F6244624E0003053FF /* GameManager.swift */; };
		56F9D7A123EDF8140049D420 /* Interactor.swift in Sources */ = {isa = PBXBuildFile; fileRef = 56F9D7A023EDF8140049D420 /* Interactor.swift */; };
		D5742EB43A2F3C2967859C6E /* libPods-MastermindTests.a in Frameworks */ = {isa = PBXBuildFile; fileRef = 10D443411DF60E82A66F5EB8 /* libPods-MastermindTests.a */; };
		E7363A4B201CD5CA21C9C927 /* libPods-Mastermind.a in Frameworks */ = {isa = PBXBuildFile; fileRef = 9B93055FA84D121BB75CAE59 /* libPods-Mastermind.a */; };
/* End PBXBuildFile section */

/* Begin PBXContainerItemProxy section */
		5618276C23EBE385001EACE8 /* PBXContainerItemProxy */ = {
			isa = PBXContainerItemProxy;
			containerPortal = 5618274A23EBE381001EACE8 /* Project object */;
			proxyType = 1;
			remoteGlobalIDString = 5618275123EBE381001EACE8;
			remoteInfo = Mastermind;
		};
		5618277723EBE385001EACE8 /* PBXContainerItemProxy */ = {
			isa = PBXContainerItemProxy;
			containerPortal = 5618274A23EBE381001EACE8 /* Project object */;
			proxyType = 1;
			remoteGlobalIDString = 5618275123EBE381001EACE8;
			remoteInfo = Mastermind;
		};
/* End PBXContainerItemProxy section */

/* Begin PBXFileReference section */
		10D443411DF60E82A66F5EB8 /* libPods-MastermindTests.a */ = {isa = PBXFileReference; explicitFileType = archive.ar; includeInIndex = 0; path = "libPods-MastermindTests.a"; sourceTree = BUILT_PRODUCTS_DIR; };
		1B83010BF8A40F1D925088BC /* Pods-Mastermind.debug.xcconfig */ = {isa = PBXFileReference; includeInIndex = 1; lastKnownFileType = text.xcconfig; name = "Pods-Mastermind.debug.xcconfig"; path = "Target Support Files/Pods-Mastermind/Pods-Mastermind.debug.xcconfig"; sourceTree = "<group>"; };
		1F7C3311C2A3E5E7F73956DE /* Pods-MastermindUITests.debug.xcconfig */ = {isa = PBXFileReference; includeInIndex = 1; lastKnownFileType = text.xcconfig; name = "Pods-MastermindUITests.debug.xcconfig"; path = "Target Support Files/Pods-MastermindUITests/Pods-MastermindUITests.debug.xcconfig"; sourceTree = "<group>"; };
		3CB5312045ED4319AFB393C8 /* Pods-Mastermind.release.xcconfig */ = {isa = PBXFileReference; includeInIndex = 1; lastKnownFileType = text.xcconfig; name = "Pods-Mastermind.release.xcconfig"; path = "Target Support Files/Pods-Mastermind/Pods-Mastermind.release.xcconfig"; sourceTree = "<group>"; };
		5618275223EBE381001EACE8 /* Mastermind.app */ = {isa = PBXFileReference; explicitFileType = wrapper.application; includeInIndex = 0; path = Mastermind.app; sourceTree = BUILT_PRODUCTS_DIR; };
		5618275523EBE381001EACE8 /* AppDelegate.swift */ = {isa = PBXFileReference; lastKnownFileType = sourcecode.swift; path = AppDelegate.swift; sourceTree = "<group>"; };
		5618275723EBE381001EACE8 /* SceneDelegate.swift */ = {isa = PBXFileReference; lastKnownFileType = sourcecode.swift; path = SceneDelegate.swift; sourceTree = "<group>"; };
		5618275A23EBE381001EACE8 /* Mastermind.xcdatamodel */ = {isa = PBXFileReference; lastKnownFileType = wrapper.xcdatamodel; path = Mastermind.xcdatamodel; sourceTree = "<group>"; };
		5618275E23EBE384001EACE8 /* Assets.xcassets */ = {isa = PBXFileReference; lastKnownFileType = folder.assetcatalog; path = Assets.xcassets; sourceTree = "<group>"; };
		5618276423EBE384001EACE8 /* Base */ = {isa = PBXFileReference; lastKnownFileType = file.storyboard; name = Base; path = Base.lproj/LaunchScreen.storyboard; sourceTree = "<group>"; };
		5618276623EBE384001EACE8 /* Info.plist */ = {isa = PBXFileReference; lastKnownFileType = text.plist.xml; path = Info.plist; sourceTree = "<group>"; };
		5618276B23EBE385001EACE8 /* MastermindTests.xctest */ = {isa = PBXFileReference; explicitFileType = wrapper.cfbundle; includeInIndex = 0; path = MastermindTests.xctest; sourceTree = BUILT_PRODUCTS_DIR; };
		5618277123EBE385001EACE8 /* Info.plist */ = {isa = PBXFileReference; lastKnownFileType = text.plist.xml; path = Info.plist; sourceTree = "<group>"; };
		5618277623EBE385001EACE8 /* MastermindUITests.xctest */ = {isa = PBXFileReference; explicitFileType = wrapper.cfbundle; includeInIndex = 0; path = MastermindUITests.xctest; sourceTree = BUILT_PRODUCTS_DIR; };
		5618277A23EBE385001EACE8 /* MastermindUITests.swift */ = {isa = PBXFileReference; lastKnownFileType = sourcecode.swift; path = MastermindUITests.swift; sourceTree = "<group>"; };
		5618277C23EBE385001EACE8 /* Info.plist */ = {isa = PBXFileReference; lastKnownFileType = text.plist.xml; path = Info.plist; sourceTree = "<group>"; };
		5618278823EBF172001EACE8 /* MainVC.swift */ = {isa = PBXFileReference; lastKnownFileType = sourcecode.swift; path = MainVC.swift; sourceTree = "<group>"; };
		5618278923EBF172001EACE8 /* MainVC.xib */ = {isa = PBXFileReference; lastKnownFileType = file.xib; path = MainVC.xib; sourceTree = "<group>"; };
		561E67312448090A0089636D /* GameManagerTest.swift */ = {isa = PBXFileReference; lastKnownFileType = sourcecode.swift; path = GameManagerTest.swift; sourceTree = "<group>"; };
		56416BB423F0DD0D0039B3ED /* HistoryVC.swift */ = {isa = PBXFileReference; lastKnownFileType = sourcecode.swift; path = HistoryVC.swift; sourceTree = "<group>"; };
		56416BB523F0DD0D0039B3ED /* HistoryVC.xib */ = {isa = PBXFileReference; lastKnownFileType = file.xib; path = HistoryVC.xib; sourceTree = "<group>"; };
		56416BB823F0F6CC0039B3ED /* GuessHistoryCell.swift */ = {isa = PBXFileReference; lastKnownFileType = sourcecode.swift; path = GuessHistoryCell.swift; sourceTree = "<group>"; };
		56416BB923F0F6CC0039B3ED /* GuessHistoryCell.xib */ = {isa = PBXFileReference; lastKnownFileType = file.xib; path = GuessHistoryCell.xib; sourceTree = "<group>"; };
		56416BBC23F115010039B3ED /* Guess.swift */ = {isa = PBXFileReference; lastKnownFileType = sourcecode.swift; path = Guess.swift; sourceTree = "<group>"; };
		56416BC023F20B030039B3ED /* Alamofire.framework */ = {isa = PBXFileReference; explicitFileType = wrapper.framework; path = Alamofire.framework; sourceTree = BUILT_PRODUCTS_DIR; };
		56416BCE23F3DEA50039B3ED /* LoadingView.xib */ = {isa = PBXFileReference; lastKnownFileType = file.xib; path = LoadingView.xib; sourceTree = "<group>"; };
		56416BD023F3DEBA0039B3ED /* LoadingView.swift */ = {isa = PBXFileReference; lastKnownFileType = sourcecode.swift; path = LoadingView.swift; sourceTree = "<group>"; };
		564BB0F6244624E0003053FF /* GameManager.swift */ = {isa = PBXFileReference; lastKnownFileType = sourcecode.swift; path = GameManager.swift; sourceTree = "<group>"; };
		56F9D7A023EDF8140049D420 /* Interactor.swift */ = {isa = PBXFileReference; lastKnownFileType = sourcecode.swift; path = Interactor.swift; sourceTree = "<group>"; };
		9B93055FA84D121BB75CAE59 /* libPods-Mastermind.a */ = {isa = PBXFileReference; explicitFileType = archive.ar; includeInIndex = 0; path = "libPods-Mastermind.a"; sourceTree = BUILT_PRODUCTS_DIR; };
		B09CA6D02716CDFBD7E58818 /* Pods-MastermindUITests.release.xcconfig */ = {isa = PBXFileReference; includeInIndex = 1; lastKnownFileType = text.xcconfig; name = "Pods-MastermindUITests.release.xcconfig"; path = "Target Support Files/Pods-MastermindUITests/Pods-MastermindUITests.release.xcconfig"; sourceTree = "<group>"; };
		BF85615547AF114392FE0E82 /* Pods-MastermindTests.debug.xcconfig */ = {isa = PBXFileReference; includeInIndex = 1; lastKnownFileType = text.xcconfig; name = "Pods-MastermindTests.debug.xcconfig"; path = "Target Support Files/Pods-MastermindTests/Pods-MastermindTests.debug.xcconfig"; sourceTree = "<group>"; };
		E81A4CCC47DB66C4E27545A6 /* libPods-MastermindUITests.a */ = {isa = PBXFileReference; explicitFileType = archive.ar; includeInIndex = 0; path = "libPods-MastermindUITests.a"; sourceTree = BUILT_PRODUCTS_DIR; };
		F74DB17ED45DCD79CB105E24 /* Pods-MastermindTests.release.xcconfig */ = {isa = PBXFileReference; includeInIndex = 1; lastKnownFileType = text.xcconfig; name = "Pods-MastermindTests.release.xcconfig"; path = "Target Support Files/Pods-MastermindTests/Pods-MastermindTests.release.xcconfig"; sourceTree = "<group>"; };
/* End PBXFileReference section */

/* Begin PBXFrameworksBuildPhase section */
		5618274F23EBE381001EACE8 /* Frameworks */ = {
			isa = PBXFrameworksBuildPhase;
			buildActionMask = 2147483647;
			files = (
				E7363A4B201CD5CA21C9C927 /* libPods-Mastermind.a in Frameworks */,
			);
			runOnlyForDeploymentPostprocessing = 0;
		};
		5618276823EBE385001EACE8 /* Frameworks */ = {
			isa = PBXFrameworksBuildPhase;
			buildActionMask = 2147483647;
			files = (
				D5742EB43A2F3C2967859C6E /* libPods-MastermindTests.a in Frameworks */,
			);
			runOnlyForDeploymentPostprocessing = 0;
		};
		5618277323EBE385001EACE8 /* Frameworks */ = {
			isa = PBXFrameworksBuildPhase;
			buildActionMask = 2147483647;
			files = (
				4E95A4AD621682A99076EDD1 /* libPods-MastermindUITests.a in Frameworks */,
			);
			runOnlyForDeploymentPostprocessing = 0;
		};
/* End PBXFrameworksBuildPhase section */

/* Begin PBXGroup section */
		5618274923EBE381001EACE8 = {
			isa = PBXGroup;
			children = (
				5618275423EBE381001EACE8 /* Mastermind */,
				5618276E23EBE385001EACE8 /* MastermindTests */,
				5618277923EBE385001EACE8 /* MastermindUITests */,
				5618275323EBE381001EACE8 /* Products */,
				D5EC87326AA64013C36B6F0B /* Pods */,
				BE98CAED7EBA0A6AD9FC1D1F /* Frameworks */,
			);
			sourceTree = "<group>";
		};
		5618275323EBE381001EACE8 /* Products */ = {
			isa = PBXGroup;
			children = (
				5618275223EBE381001EACE8 /* Mastermind.app */,
				5618276B23EBE385001EACE8 /* MastermindTests.xctest */,
				5618277623EBE385001EACE8 /* MastermindUITests.xctest */,
			);
			name = Products;
			sourceTree = "<group>";
		};
		5618275423EBE381001EACE8 /* Mastermind */ = {
			isa = PBXGroup;
			children = (
				56416BBE23F1205C0039B3ED /* Model */,
				564BB0F524457DFE003053FF /* Services */,
				56416BBF23F120670039B3ED /* View Controllers */,
				56416BC423F242BE0039B3ED /* Views */,
				5618275523EBE381001EACE8 /* AppDelegate.swift */,
				5618275723EBE381001EACE8 /* SceneDelegate.swift */,
				5618275E23EBE384001EACE8 /* Assets.xcassets */,
				5618276323EBE384001EACE8 /* LaunchScreen.storyboard */,
				5618276623EBE384001EACE8 /* Info.plist */,
				5618275923EBE381001EACE8 /* Mastermind.xcdatamodeld */,
			);
			path = Mastermind;
			sourceTree = "<group>";
		};
		5618276E23EBE385001EACE8 /* MastermindTests */ = {
			isa = PBXGroup;
			children = (
				5618277123EBE385001EACE8 /* Info.plist */,
				561E67312448090A0089636D /* GameManagerTest.swift */,
			);
			path = MastermindTests;
			sourceTree = "<group>";
		};
		5618277923EBE385001EACE8 /* MastermindUITests */ = {
			isa = PBXGroup;
			children = (
				5618277A23EBE385001EACE8 /* MastermindUITests.swift */,
				5618277C23EBE385001EACE8 /* Info.plist */,
			);
			path = MastermindUITests;
			sourceTree = "<group>";
		};
		56416BBE23F1205C0039B3ED /* Model */ = {
			isa = PBXGroup;
			children = (
				56416BBC23F115010039B3ED /* Guess.swift */,
			);
			path = Model;
			sourceTree = "<group>";
		};
		56416BBF23F120670039B3ED /* View Controllers */ = {
			isa = PBXGroup;
			children = (
				5618278823EBF172001EACE8 /* MainVC.swift */,
				5618278923EBF172001EACE8 /* MainVC.xib */,
				56416BB423F0DD0D0039B3ED /* HistoryVC.swift */,
				56416BB523F0DD0D0039B3ED /* HistoryVC.xib */,
			);
			path = "View Controllers";
			sourceTree = "<group>";
		};
		56416BC423F242BE0039B3ED /* Views */ = {
			isa = PBXGroup;
			children = (
				56416BB823F0F6CC0039B3ED /* GuessHistoryCell.swift */,
				56416BB923F0F6CC0039B3ED /* GuessHistoryCell.xib */,
				56416BD023F3DEBA0039B3ED /* LoadingView.swift */,
				56416BCE23F3DEA50039B3ED /* LoadingView.xib */,
			);
			path = Views;
			sourceTree = "<group>";
		};
		564BB0F524457DFE003053FF /* Services */ = {
			isa = PBXGroup;
			children = (
				564BB0F6244624E0003053FF /* GameManager.swift */,
				56F9D7A023EDF8140049D420 /* Interactor.swift */,
			);
			path = Services;
			sourceTree = "<group>";
		};
		BE98CAED7EBA0A6AD9FC1D1F /* Frameworks */ = {
			isa = PBXGroup;
			children = (
				56416BC023F20B030039B3ED /* Alamofire.framework */,
				9B93055FA84D121BB75CAE59 /* libPods-Mastermind.a */,
				10D443411DF60E82A66F5EB8 /* libPods-MastermindTests.a */,
				E81A4CCC47DB66C4E27545A6 /* libPods-MastermindUITests.a */,
			);
			name = Frameworks;
			sourceTree = "<group>";
		};
		D5EC87326AA64013C36B6F0B /* Pods */ = {
			isa = PBXGroup;
			children = (
				1B83010BF8A40F1D925088BC /* Pods-Mastermind.debug.xcconfig */,
				3CB5312045ED4319AFB393C8 /* Pods-Mastermind.release.xcconfig */,
				BF85615547AF114392FE0E82 /* Pods-MastermindTests.debug.xcconfig */,
				F74DB17ED45DCD79CB105E24 /* Pods-MastermindTests.release.xcconfig */,
				1F7C3311C2A3E5E7F73956DE /* Pods-MastermindUITests.debug.xcconfig */,
				B09CA6D02716CDFBD7E58818 /* Pods-MastermindUITests.release.xcconfig */,
			);
			path = Pods;
			sourceTree = "<group>";
		};
/* End PBXGroup section */

/* Begin PBXNativeTarget section */
		5618275123EBE381001EACE8 /* Mastermind */ = {
			isa = PBXNativeTarget;
			buildConfigurationList = 5618277F23EBE385001EACE8 /* Build configuration list for PBXNativeTarget "Mastermind" */;
			buildPhases = (
				26164A7D93D60867A283E6A1 /* [CP] Check Pods Manifest.lock */,
				5618274E23EBE381001EACE8 /* Sources */,
				5618274F23EBE381001EACE8 /* Frameworks */,
				5618275023EBE381001EACE8 /* Resources */,
			);
			buildRules = (
			);
			dependencies = (
			);
			name = Mastermind;
			productName = Mastermind;
			productReference = 5618275223EBE381001EACE8 /* Mastermind.app */;
			productType = "com.apple.product-type.application";
		};
		5618276A23EBE385001EACE8 /* MastermindTests */ = {
			isa = PBXNativeTarget;
			buildConfigurationList = 5618278223EBE385001EACE8 /* Build configuration list for PBXNativeTarget "MastermindTests" */;
			buildPhases = (
				3F3E42E778E34D6344D651D9 /* [CP] Check Pods Manifest.lock */,
				5618276723EBE385001EACE8 /* Sources */,
				5618276823EBE385001EACE8 /* Frameworks */,
				5618276923EBE385001EACE8 /* Resources */,
			);
			buildRules = (
			);
			dependencies = (
				5618276D23EBE385001EACE8 /* PBXTargetDependency */,
			);
			name = MastermindTests;
			productName = MastermindTests;
			productReference = 5618276B23EBE385001EACE8 /* MastermindTests.xctest */;
			productType = "com.apple.product-type.bundle.unit-test";
		};
		5618277523EBE385001EACE8 /* MastermindUITests */ = {
			isa = PBXNativeTarget;
			buildConfigurationList = 5618278523EBE385001EACE8 /* Build configuration list for PBXNativeTarget "MastermindUITests" */;
			buildPhases = (
				EC919B63C6E00597BCBB9F73 /* [CP] Check Pods Manifest.lock */,
				5618277223EBE385001EACE8 /* Sources */,
				5618277323EBE385001EACE8 /* Frameworks */,
				5618277423EBE385001EACE8 /* Resources */,
			);
			buildRules = (
			);
			dependencies = (
				5618277823EBE385001EACE8 /* PBXTargetDependency */,
			);
			name = MastermindUITests;
			productName = MastermindUITests;
			productReference = 5618277623EBE385001EACE8 /* MastermindUITests.xctest */;
			productType = "com.apple.product-type.bundle.ui-testing";
		};
/* End PBXNativeTarget section */

/* Begin PBXProject section */
		5618274A23EBE381001EACE8 /* Project object */ = {
			isa = PBXProject;
			attributes = {
				LastSwiftUpdateCheck = 1130;
				LastUpgradeCheck = 1130;
				ORGANIZATIONNAME = Lovina;
				TargetAttributes = {
					5618275123EBE381001EACE8 = {
						CreatedOnToolsVersion = 11.3.1;
					};
					5618276A23EBE385001EACE8 = {
						CreatedOnToolsVersion = 11.3.1;
						TestTargetID = 5618275123EBE381001EACE8;
					};
					5618277523EBE385001EACE8 = {
						CreatedOnToolsVersion = 11.3.1;
						TestTargetID = 5618275123EBE381001EACE8;
					};
				};
			};
			buildConfigurationList = 5618274D23EBE381001EACE8 /* Build configuration list for PBXProject "Mastermind" */;
			compatibilityVersion = "Xcode 9.3";
			developmentRegion = en;
			hasScannedForEncodings = 0;
			knownRegions = (
				en,
				Base,
			);
			mainGroup = 5618274923EBE381001EACE8;
			productRefGroup = 5618275323EBE381001EACE8 /* Products */;
			projectDirPath = "";
			projectRoot = "";
			targets = (
				5618275123EBE381001EACE8 /* Mastermind */,
				5618276A23EBE385001EACE8 /* MastermindTests */,
				5618277523EBE385001EACE8 /* MastermindUITests */,
			);
		};
/* End PBXProject section */

/* Begin PBXResourcesBuildPhase section */
		5618275023EBE381001EACE8 /* Resources */ = {
			isa = PBXResourcesBuildPhase;
			buildActionMask = 2147483647;
			files = (
				5618276523EBE384001EACE8 /* LaunchScreen.storyboard in Resources */,
				5618278B23EBF172001EACE8 /* MainVC.xib in Resources */,
				56416BB723F0DD0D0039B3ED /* HistoryVC.xib in Resources */,
				56416BCF23F3DEA50039B3ED /* LoadingView.xib in Resources */,
				56416BBB23F0F6CC0039B3ED /* GuessHistoryCell.xib in Resources */,
				5618275F23EBE384001EACE8 /* Assets.xcassets in Resources */,
			);
			runOnlyForDeploymentPostprocessing = 0;
		};
		5618276923EBE385001EACE8 /* Resources */ = {
			isa = PBXResourcesBuildPhase;
			buildActionMask = 2147483647;
			files = (
			);
			runOnlyForDeploymentPostprocessing = 0;
		};
		5618277423EBE385001EACE8 /* Resources */ = {
			isa = PBXResourcesBuildPhase;
			buildActionMask = 2147483647;
			files = (
			);
			runOnlyForDeploymentPostprocessing = 0;
		};
/* End PBXResourcesBuildPhase section */

/* Begin PBXShellScriptBuildPhase section */
		26164A7D93D60867A283E6A1 /* [CP] Check Pods Manifest.lock */ = {
			isa = PBXShellScriptBuildPhase;
			buildActionMask = 2147483647;
			files = (
			);
			inputFileListPaths = (
			);
			inputPaths = (
				"${PODS_PODFILE_DIR_PATH}/Podfile.lock",
				"${PODS_ROOT}/Manifest.lock",
			);
			name = "[CP] Check Pods Manifest.lock";
			outputFileListPaths = (
			);
			outputPaths = (
				"$(DERIVED_FILE_DIR)/Pods-Mastermind-checkManifestLockResult.txt",
			);
			runOnlyForDeploymentPostprocessing = 0;
			shellPath = /bin/sh;
			shellScript = "diff \"${PODS_PODFILE_DIR_PATH}/Podfile.lock\" \"${PODS_ROOT}/Manifest.lock\" > /dev/null\nif [ $? != 0 ] ; then\n    # print error to STDERR\n    echo \"error: The sandbox is not in sync with the Podfile.lock. Run 'pod install' or update your CocoaPods installation.\" >&2\n    exit 1\nfi\n# This output is used by Xcode 'outputs' to avoid re-running this script phase.\necho \"SUCCESS\" > \"${SCRIPT_OUTPUT_FILE_0}\"\n";
			showEnvVarsInLog = 0;
		};
		3F3E42E778E34D6344D651D9 /* [CP] Check Pods Manifest.lock */ = {
			isa = PBXShellScriptBuildPhase;
			buildActionMask = 2147483647;
			files = (
			);
			inputFileListPaths = (
			);
			inputPaths = (
				"${PODS_PODFILE_DIR_PATH}/Podfile.lock",
				"${PODS_ROOT}/Manifest.lock",
			);
			name = "[CP] Check Pods Manifest.lock";
			outputFileListPaths = (
			);
			outputPaths = (
				"$(DERIVED_FILE_DIR)/Pods-MastermindTests-checkManifestLockResult.txt",
			);
			runOnlyForDeploymentPostprocessing = 0;
			shellPath = /bin/sh;
			shellScript = "diff \"${PODS_PODFILE_DIR_PATH}/Podfile.lock\" \"${PODS_ROOT}/Manifest.lock\" > /dev/null\nif [ $? != 0 ] ; then\n    # print error to STDERR\n    echo \"error: The sandbox is not in sync with the Podfile.lock. Run 'pod install' or update your CocoaPods installation.\" >&2\n    exit 1\nfi\n# This output is used by Xcode 'outputs' to avoid re-running this script phase.\necho \"SUCCESS\" > \"${SCRIPT_OUTPUT_FILE_0}\"\n";
			showEnvVarsInLog = 0;
		};
		EC919B63C6E00597BCBB9F73 /* [CP] Check Pods Manifest.lock */ = {
			isa = PBXShellScriptBuildPhase;
			buildActionMask = 2147483647;
			files = (
			);
			inputFileListPaths = (
			);
			inputPaths = (
				"${PODS_PODFILE_DIR_PATH}/Podfile.lock",
				"${PODS_ROOT}/Manifest.lock",
			);
			name = "[CP] Check Pods Manifest.lock";
			outputFileListPaths = (
			);
			outputPaths = (
				"$(DERIVED_FILE_DIR)/Pods-MastermindUITests-checkManifestLockResult.txt",
			);
			runOnlyForDeploymentPostprocessing = 0;
			shellPath = /bin/sh;
			shellScript = "diff \"${PODS_PODFILE_DIR_PATH}/Podfile.lock\" \"${PODS_ROOT}/Manifest.lock\" > /dev/null\nif [ $? != 0 ] ; then\n    # print error to STDERR\n    echo \"error: The sandbox is not in sync with the Podfile.lock. Run 'pod install' or update your CocoaPods installation.\" >&2\n    exit 1\nfi\n# This output is used by Xcode 'outputs' to avoid re-running this script phase.\necho \"SUCCESS\" > \"${SCRIPT_OUTPUT_FILE_0}\"\n";
			showEnvVarsInLog = 0;
		};
/* End PBXShellScriptBuildPhase section */

/* Begin PBXSourcesBuildPhase section */
		5618274E23EBE381001EACE8 /* Sources */ = {
			isa = PBXSourcesBuildPhase;
			buildActionMask = 2147483647;
			files = (
				56416BB623F0DD0D0039B3ED /* HistoryVC.swift in Sources */,
				56F9D7A123EDF8140049D420 /* Interactor.swift in Sources */,
				56416BBA23F0F6CC0039B3ED /* GuessHistoryCell.swift in Sources */,
				5618275B23EBE381001EACE8 /* Mastermind.xcdatamodeld in Sources */,
				5618278A23EBF172001EACE8 /* MainVC.swift in Sources */,
				56416BBD23F115010039B3ED /* Guess.swift in Sources */,
				5618275623EBE381001EACE8 /* AppDelegate.swift in Sources */,
				5618275823EBE381001EACE8 /* SceneDelegate.swift in Sources */,
				56416BD123F3DEBA0039B3ED /* LoadingView.swift in Sources */,
				564BB0F7244624E0003053FF /* GameManager.swift in Sources */,
			);
			runOnlyForDeploymentPostprocessing = 0;
		};
		5618276723EBE385001EACE8 /* Sources */ = {
			isa = PBXSourcesBuildPhase;
			buildActionMask = 2147483647;
			files = (
				561E67322448090A0089636D /* GameManagerTest.swift in Sources */,
			);
			runOnlyForDeploymentPostprocessing = 0;
		};
		5618277223EBE385001EACE8 /* Sources */ = {
			isa = PBXSourcesBuildPhase;
			buildActionMask = 2147483647;
			files = (
				5618277B23EBE385001EACE8 /* MastermindUITests.swift in Sources */,
			);
			runOnlyForDeploymentPostprocessing = 0;
		};
/* End PBXSourcesBuildPhase section */

/* Begin PBXTargetDependency section */
		5618276D23EBE385001EACE8 /* PBXTargetDependency */ = {
			isa = PBXTargetDependency;
			target = 5618275123EBE381001EACE8 /* Mastermind */;
			targetProxy = 5618276C23EBE385001EACE8 /* PBXContainerItemProxy */;
		};
		5618277823EBE385001EACE8 /* PBXTargetDependency */ = {
			isa = PBXTargetDependency;
			target = 5618275123EBE381001EACE8 /* Mastermind */;
			targetProxy = 5618277723EBE385001EACE8 /* PBXContainerItemProxy */;
		};
/* End PBXTargetDependency section */

/* Begin PBXVariantGroup section */
		5618276323EBE384001EACE8 /* LaunchScreen.storyboard */ = {
			isa = PBXVariantGroup;
			children = (
				5618276423EBE384001EACE8 /* Base */,
			);
			name = LaunchScreen.storyboard;
			sourceTree = "<group>";
		};
/* End PBXVariantGroup section */

/* Begin XCBuildConfiguration section */
		5618277D23EBE385001EACE8 /* Debug */ = {
			isa = XCBuildConfiguration;
			buildSettings = {
				ALWAYS_SEARCH_USER_PATHS = NO;
				CLANG_ANALYZER_NONNULL = YES;
				CLANG_ANALYZER_NUMBER_OBJECT_CONVERSION = YES_AGGRESSIVE;
				CLANG_CXX_LANGUAGE_STANDARD = "gnu++14";
				CLANG_CXX_LIBRARY = "libc++";
				CLANG_ENABLE_MODULES = YES;
				CLANG_ENABLE_OBJC_ARC = YES;
				CLANG_ENABLE_OBJC_WEAK = YES;
				CLANG_WARN_BLOCK_CAPTURE_AUTORELEASING = YES;
				CLANG_WARN_BOOL_CONVERSION = YES;
				CLANG_WARN_COMMA = YES;
				CLANG_WARN_CONSTANT_CONVERSION = YES;
				CLANG_WARN_DEPRECATED_OBJC_IMPLEMENTATIONS = YES;
				CLANG_WARN_DIRECT_OBJC_ISA_USAGE = YES_ERROR;
				CLANG_WARN_DOCUMENTATION_COMMENTS = YES;
				CLANG_WARN_EMPTY_BODY = YES;
				CLANG_WARN_ENUM_CONVERSION = YES;
				CLANG_WARN_INFINITE_RECURSION = YES;
				CLANG_WARN_INT_CONVERSION = YES;
				CLANG_WARN_NON_LITERAL_NULL_CONVERSION = YES;
				CLANG_WARN_OBJC_IMPLICIT_RETAIN_SELF = YES;
				CLANG_WARN_OBJC_LITERAL_CONVERSION = YES;
				CLANG_WARN_OBJC_ROOT_CLASS = YES_ERROR;
				CLANG_WARN_RANGE_LOOP_ANALYSIS = YES;
				CLANG_WARN_STRICT_PROTOTYPES = YES;
				CLANG_WARN_SUSPICIOUS_MOVE = YES;
				CLANG_WARN_UNGUARDED_AVAILABILITY = YES_AGGRESSIVE;
				CLANG_WARN_UNREACHABLE_CODE = YES;
				CLANG_WARN__DUPLICATE_METHOD_MATCH = YES;
				COPY_PHASE_STRIP = NO;
				DEBUG_INFORMATION_FORMAT = dwarf;
				ENABLE_STRICT_OBJC_MSGSEND = YES;
				ENABLE_TESTABILITY = YES;
				GCC_C_LANGUAGE_STANDARD = gnu11;
				GCC_DYNAMIC_NO_PIC = NO;
				GCC_NO_COMMON_BLOCKS = YES;
				GCC_OPTIMIZATION_LEVEL = 0;
				GCC_PREPROCESSOR_DEFINITIONS = (
					"DEBUG=1",
					"$(inherited)",
				);
				GCC_WARN_64_TO_32_BIT_CONVERSION = YES;
				GCC_WARN_ABOUT_RETURN_TYPE = YES_ERROR;
				GCC_WARN_UNDECLARED_SELECTOR = YES;
				GCC_WARN_UNINITIALIZED_AUTOS = YES_AGGRESSIVE;
				GCC_WARN_UNUSED_FUNCTION = YES;
				GCC_WARN_UNUSED_VARIABLE = YES;
				IPHONEOS_DEPLOYMENT_TARGET = 13.2;
				MTL_ENABLE_DEBUG_INFO = INCLUDE_SOURCE;
				MTL_FAST_MATH = YES;
				ONLY_ACTIVE_ARCH = YES;
				SDKROOT = iphoneos;
				SWIFT_ACTIVE_COMPILATION_CONDITIONS = DEBUG;
				SWIFT_OPTIMIZATION_LEVEL = "-Onone";
			};
			name = Debug;
		};
		5618277E23EBE385001EACE8 /* Release */ = {
			isa = XCBuildConfiguration;
			buildSettings = {
				ALWAYS_SEARCH_USER_PATHS = NO;
				CLANG_ANALYZER_NONNULL = YES;
				CLANG_ANALYZER_NUMBER_OBJECT_CONVERSION = YES_AGGRESSIVE;
				CLANG_CXX_LANGUAGE_STANDARD = "gnu++14";
				CLANG_CXX_LIBRARY = "libc++";
				CLANG_ENABLE_MODULES = YES;
				CLANG_ENABLE_OBJC_ARC = YES;
				CLANG_ENABLE_OBJC_WEAK = YES;
				CLANG_WARN_BLOCK_CAPTURE_AUTORELEASING = YES;
				CLANG_WARN_BOOL_CONVERSION = YES;
				CLANG_WARN_COMMA = YES;
				CLANG_WARN_CONSTANT_CONVERSION = YES;
				CLANG_WARN_DEPRECATED_OBJC_IMPLEMENTATIONS = YES;
				CLANG_WARN_DIRECT_OBJC_ISA_USAGE = YES_ERROR;
				CLANG_WARN_DOCUMENTATION_COMMENTS = YES;
				CLANG_WARN_EMPTY_BODY = YES;
				CLANG_WARN_ENUM_CONVERSION = YES;
				CLANG_WARN_INFINITE_RECURSION = YES;
				CLANG_WARN_INT_CONVERSION = YES;
				CLANG_WARN_NON_LITERAL_NULL_CONVERSION = YES;
				CLANG_WARN_OBJC_IMPLICIT_RETAIN_SELF = YES;
				CLANG_WARN_OBJC_LITERAL_CONVERSION = YES;
				CLANG_WARN_OBJC_ROOT_CLASS = YES_ERROR;
				CLANG_WARN_RANGE_LOOP_ANALYSIS = YES;
				CLANG_WARN_STRICT_PROTOTYPES = YES;
				CLANG_WARN_SUSPICIOUS_MOVE = YES;
				CLANG_WARN_UNGUARDED_AVAILABILITY = YES_AGGRESSIVE;
				CLANG_WARN_UNREACHABLE_CODE = YES;
				CLANG_WARN__DUPLICATE_METHOD_MATCH = YES;
				COPY_PHASE_STRIP = NO;
				DEBUG_INFORMATION_FORMAT = "dwarf-with-dsym";
				ENABLE_NS_ASSERTIONS = NO;
				ENABLE_STRICT_OBJC_MSGSEND = YES;
				GCC_C_LANGUAGE_STANDARD = gnu11;
				GCC_NO_COMMON_BLOCKS = YES;
				GCC_WARN_64_TO_32_BIT_CONVERSION = YES;
				GCC_WARN_ABOUT_RETURN_TYPE = YES_ERROR;
				GCC_WARN_UNDECLARED_SELECTOR = YES;
				GCC_WARN_UNINITIALIZED_AUTOS = YES_AGGRESSIVE;
				GCC_WARN_UNUSED_FUNCTION = YES;
				GCC_WARN_UNUSED_VARIABLE = YES;
				IPHONEOS_DEPLOYMENT_TARGET = 13.2;
				MTL_ENABLE_DEBUG_INFO = NO;
				MTL_FAST_MATH = YES;
				SDKROOT = iphoneos;
				SWIFT_COMPILATION_MODE = wholemodule;
				SWIFT_OPTIMIZATION_LEVEL = "-O";
				VALIDATE_PRODUCT = YES;
			};
			name = Release;
		};
		5618278023EBE385001EACE8 /* Debug */ = {
			isa = XCBuildConfiguration;
			baseConfigurationReference = 1B83010BF8A40F1D925088BC /* Pods-Mastermind.debug.xcconfig */;
			buildSettings = {
				ASSETCATALOG_COMPILER_APPICON_NAME = AppIcon;
				CODE_SIGN_IDENTITY = "Apple Development";
				CODE_SIGN_STYLE = Automatic;
				DEVELOPMENT_ASSET_PATHS = "\"Mastermind/Preview Content\"";
				DEVELOPMENT_TEAM = A5XPAAKXC3;
				ENABLE_PREVIEWS = YES;
				INFOPLIST_FILE = Mastermind/Info.plist;
				LD_RUNPATH_SEARCH_PATHS = (
					"$(inherited)",
					"@executable_path/Frameworks",
				);
				PRODUCT_BUNDLE_IDENTIFIER = com.lovinachen.Mastermind;
				PRODUCT_NAME = "$(TARGET_NAME)";
				PROVISIONING_PROFILE_SPECIFIER = "";
				SWIFT_VERSION = 5.0;
				TARGETED_DEVICE_FAMILY = "1,2";
			};
			name = Debug;
		};
		5618278123EBE385001EACE8 /* Release */ = {
			isa = XCBuildConfiguration;
			baseConfigurationReference = 3CB5312045ED4319AFB393C8 /* Pods-Mastermind.release.xcconfig */;
			buildSettings = {
				ASSETCATALOG_COMPILER_APPICON_NAME = AppIcon;
				CODE_SIGN_IDENTITY = "Apple Development";
				CODE_SIGN_STYLE = Automatic;
				DEVELOPMENT_ASSET_PATHS = "\"Mastermind/Preview Content\"";
				DEVELOPMENT_TEAM = A5XPAAKXC3;
				ENABLE_PREVIEWS = YES;
				INFOPLIST_FILE = Mastermind/Info.plist;
				LD_RUNPATH_SEARCH_PATHS = (
					"$(inherited)",
					"@executable_path/Frameworks",
				);
				PRODUCT_BUNDLE_IDENTIFIER = com.lovinachen.Mastermind;
				PRODUCT_NAME = "$(TARGET_NAME)";
				PROVISIONING_PROFILE_SPECIFIER = "";
				SWIFT_VERSION = 5.0;
				TARGETED_DEVICE_FAMILY = "1,2";
			};
			name = Release;
		};
		5618278323EBE385001EACE8 /* Debug */ = {
			isa = XCBuildConfiguration;
			baseConfigurationReference = BF85615547AF114392FE0E82 /* Pods-MastermindTests.debug.xcconfig */;
			buildSettings = {
				ALWAYS_EMBED_SWIFT_STANDARD_LIBRARIES = "$(inherited)";
				BUNDLE_LOADER = "$(TEST_HOST)";
				CODE_SIGN_STYLE = Automatic;
				DEVELOPMENT_TEAM = A5XPAAKXC3;
				INFOPLIST_FILE = MastermindTests/Info.plist;
				IPHONEOS_DEPLOYMENT_TARGET = 13.2;
				LD_RUNPATH_SEARCH_PATHS = (
					"$(inherited)",
					"@executable_path/Frameworks",
					"@loader_path/Frameworks",
				);
				PRODUCT_BUNDLE_IDENTIFIER = lovina.MastermindTests;
				PRODUCT_NAME = "$(TARGET_NAME)";
				SWIFT_VERSION = 5.0;
				TARGETED_DEVICE_FAMILY = "1,2";
				TEST_HOST = "$(BUILT_PRODUCTS_DIR)/Mastermind.app/Mastermind";
			};
			name = Debug;
		};
		5618278423EBE385001EACE8 /* Release */ = {
			isa = XCBuildConfiguration;
			baseConfigurationReference = F74DB17ED45DCD79CB105E24 /* Pods-MastermindTests.release.xcconfig */;
			buildSettings = {
				ALWAYS_EMBED_SWIFT_STANDARD_LIBRARIES = "$(inherited)";
				BUNDLE_LOADER = "$(TEST_HOST)";
				CODE_SIGN_STYLE = Automatic;
				DEVELOPMENT_TEAM = A5XPAAKXC3;
				INFOPLIST_FILE = MastermindTests/Info.plist;
				IPHONEOS_DEPLOYMENT_TARGET = 13.2;
				LD_RUNPATH_SEARCH_PATHS = (
					"$(inherited)",
					"@executable_path/Frameworks",
					"@loader_path/Frameworks",
				);
				PRODUCT_BUNDLE_IDENTIFIER = lovina.MastermindTests;
				PRODUCT_NAME = "$(TARGET_NAME)";
				SWIFT_VERSION = 5.0;
				TARGETED_DEVICE_FAMILY = "1,2";
				TEST_HOST = "$(BUILT_PRODUCTS_DIR)/Mastermind.app/Mastermind";
			};
			name = Release;
		};
		5618278623EBE385001EACE8 /* Debug */ = {
			isa = XCBuildConfiguration;
			baseConfigurationReference = 1F7C3311C2A3E5E7F73956DE /* Pods-MastermindUITests.debug.xcconfig */;
			buildSettings = {
				ALWAYS_EMBED_SWIFT_STANDARD_LIBRARIES = "$(inherited)";
				CODE_SIGN_STYLE = Automatic;
				DEVELOPMENT_TEAM = A5XPAAKXC3;
				INFOPLIST_FILE = MastermindUITests/Info.plist;
				LD_RUNPATH_SEARCH_PATHS = (
					"$(inherited)",
					"@executable_path/Frameworks",
					"@loader_path/Frameworks",
				);
				PRODUCT_BUNDLE_IDENTIFIER = lovina.MastermindUITests;
				PRODUCT_NAME = "$(TARGET_NAME)";
				SWIFT_VERSION = 5.0;
				TARGETED_DEVICE_FAMILY = "1,2";
				TEST_TARGET_NAME = Mastermind;
			};
			name = Debug;
		};
		5618278723EBE385001EACE8 /* Release */ = {
			isa = XCBuildConfiguration;
			baseConfigurationReference = B09CA6D02716CDFBD7E58818 /* Pods-MastermindUITests.release.xcconfig */;
			buildSettings = {
				ALWAYS_EMBED_SWIFT_STANDARD_LIBRARIES = "$(inherited)";
				CODE_SIGN_STYLE = Automatic;
				DEVELOPMENT_TEAM = A5XPAAKXC3;
				INFOPLIST_FILE = MastermindUITests/Info.plist;
				LD_RUNPATH_SEARCH_PATHS = (
					"$(inherited)",
					"@executable_path/Frameworks",
					"@loader_path/Frameworks",
				);
				PRODUCT_BUNDLE_IDENTIFIER = lovina.MastermindUITests;
				PRODUCT_NAME = "$(TARGET_NAME)";
				SWIFT_VERSION = 5.0;
				TARGETED_DEVICE_FAMILY = "1,2";
				TEST_TARGET_NAME = Mastermind;
			};
			name = Release;
		};
/* End XCBuildConfiguration section */

/* Begin XCConfigurationList section */
		5618274D23EBE381001EACE8 /* Build configuration list for PBXProject "Mastermind" */ = {
			isa = XCConfigurationList;
			buildConfigurations = (
				5618277D23EBE385001EACE8 /* Debug */,
				5618277E23EBE385001EACE8 /* Release */,
			);
			defaultConfigurationIsVisible = 0;
			defaultConfigurationName = Release;
		};
		5618277F23EBE385001EACE8 /* Build configuration list for PBXNativeTarget "Mastermind" */ = {
			isa = XCConfigurationList;
			buildConfigurations = (
				5618278023EBE385001EACE8 /* Debug */,
				5618278123EBE385001EACE8 /* Release */,
			);
			defaultConfigurationIsVisible = 0;
			defaultConfigurationName = Release;
		};
		5618278223EBE385001EACE8 /* Build configuration list for PBXNativeTarget "MastermindTests" */ = {
			isa = XCConfigurationList;
			buildConfigurations = (
				5618278323EBE385001EACE8 /* Debug */,
				5618278423EBE385001EACE8 /* Release */,
			);
			defaultConfigurationIsVisible = 0;
			defaultConfigurationName = Release;
		};
		5618278523EBE385001EACE8 /* Build configuration list for PBXNativeTarget "MastermindUITests" */ = {
			isa = XCConfigurationList;
			buildConfigurations = (
				5618278623EBE385001EACE8 /* Debug */,
				5618278723EBE385001EACE8 /* Release */,
			);
			defaultConfigurationIsVisible = 0;
			defaultConfigurationName = Release;
		};
/* End XCConfigurationList section */

/* Begin XCVersionGroup section */
		5618275923EBE381001EACE8 /* Mastermind.xcdatamodeld */ = {
			isa = XCVersionGroup;
			children = (
				5618275A23EBE381001EACE8 /* Mastermind.xcdatamodel */,
			);
			currentVersion = 5618275A23EBE381001EACE8 /* Mastermind.xcdatamodel */;
			path = Mastermind.xcdatamodeld;
			sourceTree = "<group>";
			versionGroupType = wrapper.xcdatamodel;
		};
/* End XCVersionGroup section */
	};
	rootObject = 5618274A23EBE381001EACE8 /* Project object */;
}
